
Microsoft Visual Studio Solution File, Format Version 12.00
# Visual Studio Version 16
VisualStudioVersion = 16.0.29806.167
MinimumVisualStudioVersion = 10.0.40219.1
Project("{9A19103F-16F7-4668-BE54-9A1E7A4F7556}") = "ScoreBoard", "samples\ScoreBoard\ScoreBoard.csproj", "{4163479D-A086-4E57-A4C2-1D99A6FE8659}"
EndProject
Project("{9A19103F-16F7-4668-BE54-9A1E7A4F7556}") = "_build", "build\_build.csproj", "{0402F0F9-3F65-444B-932C-2E81B031199E}"
EndProject
Project("{2150E333-8FDC-42A3-9474-1A3956D46DE8}") = "Inferno.Samples", "Inferno.Samples", "{DCA36042-10EB-40AB-ADB7-A8B85E48E5C0}"
EndProject
Project("{2150E333-8FDC-42A3-9474-1A3956D46DE8}") = "Inferno", "Inferno", "{A3F4CC40-D657-4172-838E-E7625AF018FE}"
EndProject
Project("{2150E333-8FDC-42A3-9474-1A3956D46DE8}") = "Inferno.Tests", "Inferno.Tests", "{8517E241-7B1E-430F-A5D4-A1F0F6B78721}"
EndProject
Project("{9A19103F-16F7-4668-BE54-9A1E7A4F7556}") = "Inferno.Core", "src\Inferno.Core\Inferno.Core.csproj", "{385D017F-6CB7-4442-BD09-D230AF2CB81F}"
EndProject
Project("{9A19103F-16F7-4668-BE54-9A1E7A4F7556}") = "Inferno.Core.Tests", "tests\Inferno.Core.Tests\Inferno.Core.Tests.csproj", "{A048082C-DCA7-4422-9371-21B00B96F4DF}"
EndProject
Project("{9A19103F-16F7-4668-BE54-9A1E7A4F7556}") = "Inferno.Reactive", "src\Inferno.Reactive\Inferno.Reactive.csproj", "{AEB633C3-A98C-4690-B8F5-BF69DD43387E}"
EndProject
Project("{9A19103F-16F7-4668-BE54-9A1E7A4F7556}") = "Inferno.Reactive.Tests", "tests\Inferno.Reactive.Tests\Inferno.Reactive.Tests.csproj", "{8288748E-2DCD-4C20-9ED0-8C0263CC44C5}"
EndProject
Project("{9A19103F-16F7-4668-BE54-9A1E7A4F7556}") = "Inferno.Wpf.Shared", "src\Inferno.Wpf.Shared\Inferno.Wpf.Shared.csproj", "{5B2BC6E2-A34A-4CB3-B10B-1F83F1254983}"
EndProject
Project("{9A19103F-16F7-4668-BE54-9A1E7A4F7556}") = "Inferno.Wpf.Tests", "tests\Inferno.Wpf.Tests\Inferno.Wpf.Tests.csproj", "{3DEA63BD-4E3D-4CBD-A8BF-ED6BC3C3CFDF}"
EndProject
Project("{2150E333-8FDC-42A3-9474-1A3956D46DE8}") = "1_Core", "1_Core", "{7DBACA1A-AA81-4E52-99A6-801967DA205F}"
EndProject
Project("{2150E333-8FDC-42A3-9474-1A3956D46DE8}") = "2_Reactive", "2_Reactive", "{47908B3B-2B00-41DC-A5FE-F9DCB6F6C09F}"
EndProject
Project("{2150E333-8FDC-42A3-9474-1A3956D46DE8}") = "3_LifeCycle", "3_LifeCycle", "{65AC3616-5214-4E19-8A7F-382A571C4DFF}"
EndProject
Project("{2150E333-8FDC-42A3-9474-1A3956D46DE8}") = "5_Wpf", "5_Wpf", "{BEF8239E-8220-44B5-9D07-72A422FA09D6}"
EndProject
Project("{2150E333-8FDC-42A3-9474-1A3956D46DE8}") = "5_Wpf.Metro", "5_Wpf.Metro", "{ABB264BE-9586-4EB1-9EEE-02C09E47839A}"
EndProject
Project("{2150E333-8FDC-42A3-9474-1A3956D46DE8}") = "4_Wpf.Shared", "4_Wpf.Shared", "{ECABA621-1CA0-432C-BF66-B06DB4B19002}"
EndProject
Project("{9A19103F-16F7-4668-BE54-9A1E7A4F7556}") = "Inferno.LifeCycle", "src\Inferno.LifeCycle\Inferno.LifeCycle.csproj", "{9BDE11C6-4639-4759-821F-1FF1428D3719}"
EndProject
Project("{9A19103F-16F7-4668-BE54-9A1E7A4F7556}") = "Inferno.Wpf", "src\Inferno.Wpf\Inferno.Wpf.csproj", "{A60F1964-45C1-465E-9EEB-5C26A868067D}"
EndProject
Project("{2150E333-8FDC-42A3-9474-1A3956D46DE8}") = "1_Core.Tests", "1_Core.Tests", "{8347D4BC-59F9-447E-A7B0-E3DAF4878F3D}"
EndProject
Project("{2150E333-8FDC-42A3-9474-1A3956D46DE8}") = "2_Reactive.Tests", "2_Reactive.Tests", "{F5B5372A-3A36-4B03-8600-A3B5DFC06085}"
EndProject
Project("{2150E333-8FDC-42A3-9474-1A3956D46DE8}") = "3_LifeCycle.Tests", "3_LifeCycle.Tests", "{CCDC176C-ED1A-4707-82BF-51C7B341C362}"
EndProject
Project("{2150E333-8FDC-42A3-9474-1A3956D46DE8}") = "4_Wpf.Test", "4_Wpf.Test", "{228DF247-BB85-4795-B081-09492AF12EBA}"
EndProject
Project("{9A19103F-16F7-4668-BE54-9A1E7A4F7556}") = "Inferno.LifeCycle.Tests", "tests\Inferno.LifeCycle.Tests\Inferno.LifeCycle.Tests.csproj", "{D5EF1ABA-D382-4596-93EC-82E936BBAC86}"
EndProject
Project("{2150E333-8FDC-42A3-9474-1A3956D46DE8}") = "0_Testing", "0_Testing", "{27444B12-9754-4D47-B809-C489EE544E0C}"
EndProject
Project("{9A19103F-16F7-4668-BE54-9A1E7A4F7556}") = "Inferno.Testing", "tests\Inferno.Testing\Inferno.Testing.csproj", "{6872BB4D-DC98-40F2-A360-BEC18A79BFBD}"
EndProject
Project("{FAE04EC0-301F-11D3-BF4B-00C04F79EFBC}") = "Inferno.Wpf.Metro", "src\Inferno.Wpf.Metro\Inferno.Wpf.Metro.csproj", "{586A3B7E-0E65-43EF-8C40-540E960DD3D5}"
EndProject
Global
	GlobalSection(SolutionConfigurationPlatforms) = preSolution
		Debug|Any CPU = Debug|Any CPU
		Release|Any CPU = Release|Any CPU
	EndGlobalSection
	GlobalSection(ProjectConfigurationPlatforms) = postSolution
		{4163479D-A086-4E57-A4C2-1D99A6FE8659}.Debug|Any CPU.ActiveCfg = Debug|Any CPU
		{4163479D-A086-4E57-A4C2-1D99A6FE8659}.Debug|Any CPU.Build.0 = Debug|Any CPU
		{4163479D-A086-4E57-A4C2-1D99A6FE8659}.Release|Any CPU.ActiveCfg = Release|Any CPU
		{4163479D-A086-4E57-A4C2-1D99A6FE8659}.Release|Any CPU.Build.0 = Release|Any CPU
		{0402F0F9-3F65-444B-932C-2E81B031199E}.Debug|Any CPU.ActiveCfg = Debug|Any CPU
		{0402F0F9-3F65-444B-932C-2E81B031199E}.Release|Any CPU.ActiveCfg = Release|Any CPU
		{385D017F-6CB7-4442-BD09-D230AF2CB81F}.Debug|Any CPU.ActiveCfg = Debug|Any CPU
		{385D017F-6CB7-4442-BD09-D230AF2CB81F}.Debug|Any CPU.Build.0 = Debug|Any CPU
		{385D017F-6CB7-4442-BD09-D230AF2CB81F}.Release|Any CPU.ActiveCfg = Release|Any CPU
		{385D017F-6CB7-4442-BD09-D230AF2CB81F}.Release|Any CPU.Build.0 = Release|Any CPU
		{A048082C-DCA7-4422-9371-21B00B96F4DF}.Debug|Any CPU.ActiveCfg = Debug|Any CPU
		{A048082C-DCA7-4422-9371-21B00B96F4DF}.Debug|Any CPU.Build.0 = Debug|Any CPU
		{A048082C-DCA7-4422-9371-21B00B96F4DF}.Release|Any CPU.ActiveCfg = Release|Any CPU
		{A048082C-DCA7-4422-9371-21B00B96F4DF}.Release|Any CPU.Build.0 = Release|Any CPU
		{AEB633C3-A98C-4690-B8F5-BF69DD43387E}.Debug|Any CPU.ActiveCfg = Debug|Any CPU
		{AEB633C3-A98C-4690-B8F5-BF69DD43387E}.Debug|Any CPU.Build.0 = Debug|Any CPU
		{AEB633C3-A98C-4690-B8F5-BF69DD43387E}.Release|Any CPU.ActiveCfg = Release|Any CPU
		{AEB633C3-A98C-4690-B8F5-BF69DD43387E}.Release|Any CPU.Build.0 = Release|Any CPU
		{8288748E-2DCD-4C20-9ED0-8C0263CC44C5}.Debug|Any CPU.ActiveCfg = Debug|Any CPU
		{8288748E-2DCD-4C20-9ED0-8C0263CC44C5}.Debug|Any CPU.Build.0 = Debug|Any CPU
		{8288748E-2DCD-4C20-9ED0-8C0263CC44C5}.Release|Any CPU.ActiveCfg = Release|Any CPU
		{8288748E-2DCD-4C20-9ED0-8C0263CC44C5}.Release|Any CPU.Build.0 = Release|Any CPU
		{5B2BC6E2-A34A-4CB3-B10B-1F83F1254983}.Debug|Any CPU.ActiveCfg = Debug|Any CPU
		{5B2BC6E2-A34A-4CB3-B10B-1F83F1254983}.Debug|Any CPU.Build.0 = Debug|Any CPU
		{5B2BC6E2-A34A-4CB3-B10B-1F83F1254983}.Release|Any CPU.ActiveCfg = Release|Any CPU
		{5B2BC6E2-A34A-4CB3-B10B-1F83F1254983}.Release|Any CPU.Build.0 = Release|Any CPU
		{3DEA63BD-4E3D-4CBD-A8BF-ED6BC3C3CFDF}.Debug|Any CPU.ActiveCfg = Debug|Any CPU
		{3DEA63BD-4E3D-4CBD-A8BF-ED6BC3C3CFDF}.Debug|Any CPU.Build.0 = Debug|Any CPU
		{3DEA63BD-4E3D-4CBD-A8BF-ED6BC3C3CFDF}.Release|Any CPU.ActiveCfg = Release|Any CPU
		{3DEA63BD-4E3D-4CBD-A8BF-ED6BC3C3CFDF}.Release|Any CPU.Build.0 = Release|Any CPU
		{9BDE11C6-4639-4759-821F-1FF1428D3719}.Debug|Any CPU.ActiveCfg = Debug|Any CPU
		{9BDE11C6-4639-4759-821F-1FF1428D3719}.Debug|Any CPU.Build.0 = Debug|Any CPU
		{9BDE11C6-4639-4759-821F-1FF1428D3719}.Release|Any CPU.ActiveCfg = Release|Any CPU
		{9BDE11C6-4639-4759-821F-1FF1428D3719}.Release|Any CPU.Build.0 = Release|Any CPU
		{A60F1964-45C1-465E-9EEB-5C26A868067D}.Debug|Any CPU.ActiveCfg = Debug|Any CPU
		{A60F1964-45C1-465E-9EEB-5C26A868067D}.Debug|Any CPU.Build.0 = Debug|Any CPU
		{A60F1964-45C1-465E-9EEB-5C26A868067D}.Release|Any CPU.ActiveCfg = Release|Any CPU
		{A60F1964-45C1-465E-9EEB-5C26A868067D}.Release|Any CPU.Build.0 = Release|Any CPU
		{D5EF1ABA-D382-4596-93EC-82E936BBAC86}.Debug|Any CPU.ActiveCfg = Debug|Any CPU
		{D5EF1ABA-D382-4596-93EC-82E936BBAC86}.Debug|Any CPU.Build.0 = Debug|Any CPU
		{D5EF1ABA-D382-4596-93EC-82E936BBAC86}.Release|Any CPU.ActiveCfg = Release|Any CPU
		{D5EF1ABA-D382-4596-93EC-82E936BBAC86}.Release|Any CPU.Build.0 = Release|Any CPU
		{6872BB4D-DC98-40F2-A360-BEC18A79BFBD}.Debug|Any CPU.ActiveCfg = Debug|Any CPU
		{6872BB4D-DC98-40F2-A360-BEC18A79BFBD}.Debug|Any CPU.Build.0 = Debug|Any CPU
		{6872BB4D-DC98-40F2-A360-BEC18A79BFBD}.Release|Any CPU.ActiveCfg = Release|Any CPU
		{6872BB4D-DC98-40F2-A360-BEC18A79BFBD}.Release|Any CPU.Build.0 = Release|Any CPU
		{586A3B7E-0E65-43EF-8C40-540E960DD3D5}.Debug|Any CPU.ActiveCfg = Debug|Any CPU
		{586A3B7E-0E65-43EF-8C40-540E960DD3D5}.Debug|Any CPU.Build.0 = Debug|Any CPU
		{586A3B7E-0E65-43EF-8C40-540E960DD3D5}.Release|Any CPU.ActiveCfg = Release|Any CPU
		{586A3B7E-0E65-43EF-8C40-540E960DD3D5}.Release|Any CPU.Build.0 = Release|Any CPU
	EndGlobalSection
	GlobalSection(SolutionProperties) = preSolution
		HideSolutionNode = FALSE
	EndGlobalSection
	GlobalSection(NestedProjects) = preSolution
		{4163479D-A086-4E57-A4C2-1D99A6FE8659} = {DCA36042-10EB-40AB-ADB7-A8B85E48E5C0}
		{385D017F-6CB7-4442-BD09-D230AF2CB81F} = {7DBACA1A-AA81-4E52-99A6-801967DA205F}
		{A048082C-DCA7-4422-9371-21B00B96F4DF} = {8347D4BC-59F9-447E-A7B0-E3DAF4878F3D}
		{AEB633C3-A98C-4690-B8F5-BF69DD43387E} = {47908B3B-2B00-41DC-A5FE-F9DCB6F6C09F}
		{8288748E-2DCD-4C20-9ED0-8C0263CC44C5} = {F5B5372A-3A36-4B03-8600-A3B5DFC06085}
		{5B2BC6E2-A34A-4CB3-B10B-1F83F1254983} = {ECABA621-1CA0-432C-BF66-B06DB4B19002}
		{3DEA63BD-4E3D-4CBD-A8BF-ED6BC3C3CFDF} = {228DF247-BB85-4795-B081-09492AF12EBA}
		{7DBACA1A-AA81-4E52-99A6-801967DA205F} = {A3F4CC40-D657-4172-838E-E7625AF018FE}
		{47908B3B-2B00-41DC-A5FE-F9DCB6F6C09F} = {A3F4CC40-D657-4172-838E-E7625AF018FE}
		{65AC3616-5214-4E19-8A7F-382A571C4DFF} = {A3F4CC40-D657-4172-838E-E7625AF018FE}
		{BEF8239E-8220-44B5-9D07-72A422FA09D6} = {A3F4CC40-D657-4172-838E-E7625AF018FE}
		{ABB264BE-9586-4EB1-9EEE-02C09E47839A} = {A3F4CC40-D657-4172-838E-E7625AF018FE}
		{ECABA621-1CA0-432C-BF66-B06DB4B19002} = {A3F4CC40-D657-4172-838E-E7625AF018FE}
		{9BDE11C6-4639-4759-821F-1FF1428D3719} = {65AC3616-5214-4E19-8A7F-382A571C4DFF}
		{A60F1964-45C1-465E-9EEB-5C26A868067D} = {BEF8239E-8220-44B5-9D07-72A422FA09D6}
		{8347D4BC-59F9-447E-A7B0-E3DAF4878F3D} = {8517E241-7B1E-430F-A5D4-A1F0F6B78721}
		{F5B5372A-3A36-4B03-8600-A3B5DFC06085} = {8517E241-7B1E-430F-A5D4-A1F0F6B78721}
		{CCDC176C-ED1A-4707-82BF-51C7B341C362} = {8517E241-7B1E-430F-A5D4-A1F0F6B78721}
		{228DF247-BB85-4795-B081-09492AF12EBA} = {8517E241-7B1E-430F-A5D4-A1F0F6B78721}
		{D5EF1ABA-D382-4596-93EC-82E936BBAC86} = {CCDC176C-ED1A-4707-82BF-51C7B341C362}
		{27444B12-9754-4D47-B809-C489EE544E0C} = {8517E241-7B1E-430F-A5D4-A1F0F6B78721}
		{6872BB4D-DC98-40F2-A360-BEC18A79BFBD} = {27444B12-9754-4D47-B809-C489EE544E0C}
		{586A3B7E-0E65-43EF-8C40-540E960DD3D5} = {ABB264BE-9586-4EB1-9EEE-02C09E47839A}
	EndGlobalSection
	GlobalSection(ExtensibilityGlobals) = postSolution
		SolutionGuid = {73E0DAB5-4A71-45DE-8E0E-DF2E5522C655}
	EndGlobalSection
EndGlobal
